{
  "name": "level-server",
  "version": "1.0.0",
  "lockfileVersion": 1,
  "dependencies": {
    "abstract-leveldown": {
      "version": "https://registry.npmjs.org/abstract-leveldown/-/abstract-leveldown-2.6.1.tgz",
      "integrity": "sha1-+QFKVmm3RkGOFFFo3qSaBErhWQA=",
      "dependencies": {
        "xtend": {
          "version": "4.0.1",
          "resolved": "https://registry.npmjs.org/xtend/-/xtend-4.0.1.tgz",
          "integrity": "sha1-pcbVMr5lbiPbgg77lDofBJmNY68="
        }
      }
    },
    "ansi-regex": {
      "version": "https://registry.npmjs.org/ansi-regex/-/ansi-regex-2.1.1.tgz",
      "integrity": "sha1-w7M6te42DYbg5ijwRorn7yfWVN8="
    },
    "aproba": {
      "version": "https://registry.npmjs.org/aproba/-/aproba-1.1.1.tgz",
      "integrity": "sha1-ldNgDwdxCqDpKYxyatXs8urLq6s="
    },
    "are-we-there-yet": {
      "version": "1.1.4",
      "resolved": "https://registry.npmjs.org/are-we-there-yet/-/are-we-there-yet-1.1.4.tgz",
      "integrity": "sha1-u13KOCu5TwXhUZQ3PRb9O6HKEQ0=",
      "dependencies": {
        "isarray": {
          "version": "1.0.0",
          "resolved": "https://registry.npmjs.org/isarray/-/isarray-1.0.0.tgz",
          "integrity": "sha1-u5NdSFgsuhaMBoNJV6VKPgcSTxE="
        },
        "readable-stream": {
          "version": "2.2.9",
          "resolved": "https://registry.npmjs.org/readable-stream/-/readable-stream-2.2.9.tgz",
          "integrity": "sha1-z3jsb0ptHrQ9JkiMrJfwQudLf8g="
        },
        "string_decoder": {
          "version": "1.0.1",
          "resolved": "https://registry.npmjs.org/string_decoder/-/string_decoder-1.0.1.tgz",
          "integrity": "sha1-YuIA8DmVWmgQ2N8KM//A8BNmLZg="
        }
      }
    },
    "balanced-match": {
      "version": "0.4.2",
      "resolved": "https://registry.npmjs.org/balanced-match/-/balanced-match-0.4.2.tgz",
      "integrity": "sha1-yz8+PHMtwPAe5wtAPzAuYddwmDg=",
      "optional": true
    },
    "base64-js": {
      "version": "https://registry.npmjs.org/base64-js/-/base64-js-0.0.2.tgz",
      "integrity": "sha1-Ak8Pcq+iW3X5wO5zzU9V7Bvtl4Q="
    },
    "bindings": {
      "version": "1.2.1",
      "resolved": "https://registry.npmjs.org/bindings/-/bindings-1.2.1.tgz",
      "integrity": "sha1-FK1hE4EtLTfXLme0ystLtyZQXxE="
    },
    "bl": {
      "version": "1.2.1",
      "resolved": "https://registry.npmjs.org/bl/-/bl-1.2.1.tgz",
      "integrity": "sha1-ysMo977kVzDUBLaSID/LWQ4XLV4=",
      "dependencies": {
        "isarray": {
          "version": "1.0.0",
          "resolved": "https://registry.npmjs.org/isarray/-/isarray-1.0.0.tgz",
          "integrity": "sha1-u5NdSFgsuhaMBoNJV6VKPgcSTxE="
        },
        "readable-stream": {
          "version": "2.2.9",
          "resolved": "https://registry.npmjs.org/readable-stream/-/readable-stream-2.2.9.tgz",
          "integrity": "sha1-z3jsb0ptHrQ9JkiMrJfwQudLf8g="
        },
        "string_decoder": {
          "version": "1.0.1",
          "resolved": "https://registry.npmjs.org/string_decoder/-/string_decoder-1.0.1.tgz",
          "integrity": "sha1-YuIA8DmVWmgQ2N8KM//A8BNmLZg="
        }
      }
    },
    "bops": {
      "version": "https://registry.npmjs.org/bops/-/bops-0.0.6.tgz",
      "integrity": "sha1-CC0dVfoB5g29wuvC26N/ZZVUzzo="
    },
    "brace-expansion": {
      "version": "1.1.7",
      "resolved": "https://registry.npmjs.org/brace-expansion/-/brace-expansion-1.1.7.tgz",
      "integrity": "sha1-Pv/DxQ4ABTH7cg6v+A8K6O8jz1k=",
      "optional": true
    },
    "buffer-shims": {
      "version": "1.0.0",
      "resolved": "https://registry.npmjs.org/buffer-shims/-/buffer-shims-1.0.0.tgz",
      "integrity": "sha1-mXjOMXOIxkmth5MCjDR37wRKi1E="
    },
    "bunyan": {
      "version": "1.8.10",
      "resolved": "https://registry.npmjs.org/bunyan/-/bunyan-1.8.10.tgz",
      "integrity": "sha1-IB/t0mxwgLYy9BYHL1OpC5pSmBw="
    },
    "chownr": {
      "version": "1.0.1",
      "resolved": "https://registry.npmjs.org/chownr/-/chownr-1.0.1.tgz",
      "integrity": "sha1-4qdQQqlVGQi+vSW4Uj1fl2nXkYE="
    },
    "code-point-at": {
      "version": "https://registry.npmjs.org/code-point-at/-/code-point-at-1.1.0.tgz",
      "integrity": "sha1-DQcLTQQ6W+ozovGkDi7bPZpMz3c="
    },
    "concat-map": {
      "version": "0.0.1",
      "resolved": "https://registry.npmjs.org/concat-map/-/concat-map-0.0.1.tgz",
      "integrity": "sha1-2Klr13/Wjfd5OnMDajug1UBdR3s=",
      "optional": true
    },
    "console-control-strings": {
      "version": "https://registry.npmjs.org/console-control-strings/-/console-control-strings-1.1.0.tgz",
      "integrity": "sha1-PXz0Rk22RG6mRL9LOVB/mFEAjo4="
    },
    "cookies": {
      "version": "https://registry.npmjs.org/cookies/-/cookies-0.5.1.tgz",
      "integrity": "sha1-JWDDBP6PjL0ALgi5WZ0udHnTcpg="
    },
    "core-util-is": {
      "version": "1.0.2",
      "resolved": "https://registry.npmjs.org/core-util-is/-/core-util-is-1.0.2.tgz",
      "integrity": "sha1-tf1UIgqivFq1eqtxQMlAdUUDwac="
    },
    "deep-extend": {
      "version": "0.4.2",
      "resolved": "https://registry.npmjs.org/deep-extend/-/deep-extend-0.4.2.tgz",
      "integrity": "sha1-SLaZwn4zS/ifEIkr5DL25MfTSn8="
    },
    "deferred-leveldown": {
      "version": "1.2.1",
      "resolved": "https://registry.npmjs.org/deferred-leveldown/-/deferred-leveldown-1.2.1.tgz",
      "integrity": "sha1-XSXDMQ9f6QmUb2JA3J+Q3RCace8=",
      "dependencies": {
        "abstract-leveldown": {
          "version": "2.4.1",
          "resolved": "https://registry.npmjs.org/abstract-leveldown/-/abstract-leveldown-2.4.1.tgz",
          "integrity": "sha1-s7/tuITraToSd18MVenwpCDM7mQ="
        },
        "xtend": {
          "version": "4.0.1",
          "resolved": "https://registry.npmjs.org/xtend/-/xtend-4.0.1.tgz",
          "integrity": "sha1-pcbVMr5lbiPbgg77lDofBJmNY68="
        }
      }
    },
    "delegates": {
      "version": "1.0.0",
      "resolved": "https://registry.npmjs.org/delegates/-/delegates-1.0.0.tgz",
      "integrity": "sha1-hMbhWbgZBP3KWaDvRM2HDTElD5o="
    },
    "dtrace-provider": {
      "version": "0.8.2",
      "resolved": "https://registry.npmjs.org/dtrace-provider/-/dtrace-provider-0.8.2.tgz",
      "integrity": "sha1-8GfCdz8V2hth6yDbyWqhyrszMLw=",
      "optional": true
    },
    "duplex": {
      "version": "https://registry.npmjs.org/duplex/-/duplex-1.0.0.tgz",
      "integrity": "sha1-arxcFuwX5MV4V4cnEmcAWQ06Ldo="
    },
    "duplexer": {
      "version": "https://registry.npmjs.org/duplexer/-/duplexer-0.1.1.tgz",
      "integrity": "sha1-rOb/gIwc5mtX0ev5eXessCM0z8E="
    },
    "end-of-stream": {
      "version": "1.4.0",
      "resolved": "https://registry.npmjs.org/end-of-stream/-/end-of-stream-1.4.0.tgz",
      "integrity": "sha1-epDYM+/abPpurA9JSduw+tOmMgY="
    },
    "errno": {
      "version": "0.1.4",
      "resolved": "https://registry.npmjs.org/errno/-/errno-0.1.4.tgz",
      "integrity": "sha1-uJbiOp5ei6M4cfyZar02NfyaHH0=",
      "dependencies": {
        "prr": {
          "version": "0.0.0",
          "resolved": "https://registry.npmjs.org/prr/-/prr-0.0.0.tgz",
          "integrity": "sha1-GoS4WQgyVQFBGFPQCB7j+obikmo="
        }
      }
    },
    "expand-template": {
      "version": "1.0.3",
      "resolved": "https://registry.npmjs.org/expand-template/-/expand-template-1.0.3.tgz",
      "integrity": "sha1-bDAzIxd6YrGyLAcCefeGEoe2mxo="
    },
    "fast-future": {
      "version": "1.0.2",
      "resolved": "https://registry.npmjs.org/fast-future/-/fast-future-1.0.2.tgz",
      "integrity": "sha1-hDWpqqAteSSNF9cE52JZMB2ZKAo="
    },
    "flat-merge": {
      "version": "1.0.0",
      "resolved": "https://registry.npmjs.org/flat-merge/-/flat-merge-1.0.0.tgz",
      "integrity": "sha1-PAHO59qvRx/Srd4yWcQM/cF2C6o="
    },
    "flat-merge-n": {
      "version": "1.0.1",
      "resolved": "https://registry.npmjs.org/flat-merge-n/-/flat-merge-n-1.0.1.tgz",
      "integrity": "sha1-E708NJLmowqYH44Ve+M2qKwC8SQ="
    },
    "gauge": {
      "version": "https://registry.npmjs.org/gauge/-/gauge-2.7.4.tgz",
      "integrity": "sha1-LANAXHU4w51+s3sxcCLjJfsBi/c="
    },
    "generic-errors": {
      "version": "2.0.2",
      "resolved": "https://registry.npmjs.org/generic-errors/-/generic-errors-2.0.2.tgz",
      "integrity": "sha1-u+9iP1z9hjwOhLZQZ9//cZyfirc="
    },
    "generic-session": {
      "version": "https://registry.npmjs.org/generic-session/-/generic-session-0.1.2.tgz",
      "integrity": "sha1-fxMB5B59N00UsKtkySYOfJweNDg=",
      "dependencies": {
        "xtend": {
          "version": "4.0.1",
          "resolved": "https://registry.npmjs.org/xtend/-/xtend-4.0.1.tgz",
          "integrity": "sha1-pcbVMr5lbiPbgg77lDofBJmNY68="
        }
      }
    },
    "github-from-package": {
      "version": "0.0.0",
      "resolved": "https://registry.npmjs.org/github-from-package/-/github-from-package-0.0.0.tgz",
      "integrity": "sha1-l/tdlr/eiXMxPyDoKI75oWf6ZM4="
    },
    "glob": {
      "version": "6.0.4",
      "resolved": "https://registry.npmjs.org/glob/-/glob-6.0.4.tgz",
      "integrity": "sha1-DwiGD2oVUSey+t1PnOJLGqtuTSI=",
      "optional": true
    },
    "has-unicode": {
      "version": "2.0.1",
      "resolved": "https://registry.npmjs.org/has-unicode/-/has-unicode-2.0.1.tgz",
      "integrity": "sha1-4Ob+aijPUROIVeCG0Wkedx3iqLk="
    },
    "inflight": {
      "version": "1.0.6",
      "resolved": "https://registry.npmjs.org/inflight/-/inflight-1.0.6.tgz",
      "integrity": "sha1-Sb1jMdfQLQwJvJEKEHW6gWW1bfk=",
      "optional": true
    },
    "inherits": {
      "version": "2.0.3",
      "resolved": "https://registry.npmjs.org/inherits/-/inherits-2.0.3.tgz",
      "integrity": "sha1-Yzwsg+PaQqUC9SRmAiSA9CCCYd4="
    },
    "ini": {
      "version": "1.3.4",
      "resolved": "https://registry.npmjs.org/ini/-/ini-1.3.4.tgz",
      "integrity": "sha1-BTfLedr1m1mhpRff9wbIbsA5Fi4="
    },
    "is-fullwidth-code-point": {
      "version": "https://registry.npmjs.org/is-fullwidth-code-point/-/is-fullwidth-code-point-1.0.0.tgz",
      "integrity": "sha1-754xOG8DGn8NZDr4L95QxFfvAMs="
    },
    "isarray": {
      "version": "0.0.1",
      "resolved": "https://registry.npmjs.org/isarray/-/isarray-0.0.1.tgz",
      "integrity": "sha1-ihis/Kmo9Bd+Cav8YDiTmwXR7t8="
    },
    "jayschema": {
      "version": "0.3.1",
      "resolved": "https://registry.npmjs.org/jayschema/-/jayschema-0.3.1.tgz",
      "integrity": "sha1-dvR2n5sXLvfV3N5IdbSctzYXm1g="
    },
    "jayschema-error-messages": {
      "version": "1.0.3",
      "resolved": "https://registry.npmjs.org/jayschema-error-messages/-/jayschema-error-messages-1.0.3.tgz",
      "integrity": "sha1-i6xuUq6J1Ab74afbSuRN6/0okGY="
    },
    "json-back": {
      "version": "1.1.0",
      "resolved": "https://registry.npmjs.org/json-back/-/json-back-1.1.0.tgz",
      "integrity": "sha1-hzG5GSW3Znsm8oYVOui/+FACg1Q="
    },
    "json-buffer": {
      "version": "https://registry.npmjs.org/json-buffer/-/json-buffer-2.0.11.tgz",
      "integrity": "sha1-PkQf2jCYvo0eMXGtWRvGKjPi1V8="
    },
    "keygrip": {
      "version": "https://registry.npmjs.org/keygrip/-/keygrip-1.0.1.tgz",
      "integrity": "sha1-sC+kgW7vIajEs1yp5Skh/8iaMOk="
    },
    "level": {
      "version": "https://registry.npmjs.org/level/-/level-1.7.0.tgz",
      "integrity": "sha1-Q0ZKOounOy895WokKSgFFG2iE6E=",
      "dependencies": {
        "leveldown": {
          "version": "https://registry.npmjs.org/leveldown/-/leveldown-1.7.0.tgz",
          "integrity": "sha1-/a6EPsE5tr1xUP+Y30OGNhEyBHY="
        },
        "prebuild-install": {
          "version": "https://registry.npmjs.org/prebuild-install/-/prebuild-install-2.1.2.tgz",
          "integrity": "sha1-2a4MqFMw4Dli2TKS+VqLRMLr9QU="
        },
        "tunnel-agent": {
          "version": "https://registry.npmjs.org/tunnel-agent/-/tunnel-agent-0.4.3.tgz",
          "integrity": "sha1-Y3PbdpCf5XDgjXNYM2Xtgop07us="
        },
        "xtend": {
          "version": "4.0.1",
          "resolved": "https://registry.npmjs.org/xtend/-/xtend-4.0.1.tgz",
          "integrity": "sha1-pcbVMr5lbiPbgg77lDofBJmNY68="
        }
      }
    },
    "level-codec": {
      "version": "6.1.0",
      "resolved": "https://registry.npmjs.org/level-codec/-/level-codec-6.1.0.tgz",
      "integrity": "sha1-9d8KmVgvdtrEOFUVGrb05NDWAEU="
    },
    "level-errors": {
      "version": "1.0.4",
      "resolved": "https://registry.npmjs.org/level-errors/-/level-errors-1.0.4.tgz",
      "integrity": "sha1-NYXmI5dMc3qTdVSSpDwCZ82kQl8="
    },
    "level-iterator-stream": {
      "version": "1.3.1",
      "resolved": "https://registry.npmjs.org/level-iterator-stream/-/level-iterator-stream-1.3.1.tgz",
      "integrity": "sha1-5Dt4sagUPm+pek9IXrjqUwNS8u0=",
      "dependencies": {
        "xtend": {
          "version": "4.0.1",
          "resolved": "https://registry.npmjs.org/xtend/-/xtend-4.0.1.tgz",
          "integrity": "sha1-pcbVMr5lbiPbgg77lDofBJmNY68="
        }
      }
    },
    "level-manifest": {
      "version": "https://registry.npmjs.org/level-manifest/-/level-manifest-1.2.0.tgz",
      "integrity": "sha1-BiANOnaL/WtRgbJ7+psO/LsG/lU=",
      "dependencies": {
        "deep-extend": {
          "version": "https://registry.npmjs.org/deep-extend/-/deep-extend-0.2.11.tgz",
          "integrity": "sha1-eha6aXKRMjQFBhcElLyD9wdv4I8="
        }
      }
    },
    "level-packager": {
      "version": "1.2.1",
      "resolved": "https://registry.npmjs.org/level-packager/-/level-packager-1.2.1.tgz",
      "integrity": "sha1-Bn/t/Qcrf+PGvsYIDAy9SmsuEfQ="
    },
    "level-post": {
      "version": "1.0.5",
      "resolved": "https://registry.npmjs.org/level-post/-/level-post-1.0.5.tgz",
      "integrity": "sha1-KmY5BAm/ahYhpES6tvAWREzJgCw="
    },
    "levelup": {
      "version": "1.3.8",
      "resolved": "https://registry.npmjs.org/levelup/-/levelup-1.3.8.tgz",
      "integrity": "sha1-+0QsSI776hBD9+uZKaeSp0+9HaY=",
      "dependencies": {
        "xtend": {
          "version": "4.0.1",
          "resolved": "https://registry.npmjs.org/xtend/-/xtend-4.0.1.tgz",
          "integrity": "sha1-pcbVMr5lbiPbgg77lDofBJmNY68="
        }
      }
    },
    "looper": {
      "version": "2.0.0",
      "resolved": "https://registry.npmjs.org/looper/-/looper-2.0.0.tgz",
      "integrity": "sha1-Zs0Md0rz1P7axTeU90LbVtqPCew="
    },
    "lru-cache": {
      "version": "https://registry.npmjs.org/lru-cache/-/lru-cache-4.0.2.tgz",
      "integrity": "sha1-HRdnnAac2l0ECZGgnbwsDbN35V4=",
      "optional": true
    },
    "ltgt": {
      "version": "2.2.0",
      "resolved": "https://registry.npmjs.org/ltgt/-/ltgt-2.2.0.tgz",
      "integrity": "sha1-tlul/LNJopkkyOMz98alVi8uSEI="
    },
    "minimatch": {
      "version": "3.0.4",
      "resolved": "https://registry.npmjs.org/minimatch/-/minimatch-3.0.4.tgz",
      "integrity": "sha512-yJHVQEhyqPLUTgt9B83PXu6W3rx4MvvHvSUvToogpwoGDOUQ+yDrR0HRot+yOCdCO7u4hX3pWft6kWBBcqh0UA==",
      "optional": true
    },
    "minimist": {
      "version": "1.2.0",
      "resolved": "https://registry.npmjs.org/minimist/-/minimist-1.2.0.tgz",
      "integrity": "sha1-o1AIsg9BOD7sH7kU9M1d95omQoQ="
    },
    "mkdirp": {
      "version": "0.5.1",
      "resolved": "https://registry.npmjs.org/mkdirp/-/mkdirp-0.5.1.tgz",
      "integrity": "sha1-MAV0OOrGz3+MR2fzhkjWaX11yQM=",
      "dependencies": {
        "minimist": {
          "version": "0.0.8",
          "resolved": "https://registry.npmjs.org/minimist/-/minimist-0.0.8.tgz",
          "integrity": "sha1-hX/Kv8M5fSYluCKCYuhqp6ARsF0="
        }
      }
    },
    "moment": {
      "version": "2.18.1",
      "resolved": "https://registry.npmjs.org/moment/-/moment-2.18.1.tgz",
      "integrity": "sha1-w2GT3Tzhwu7SrbfIAtu8d6gbHA8=",
      "optional": true
    },
    "msgpack-js": {
      "version": "https://registry.npmjs.org/msgpack-js/-/msgpack-js-0.3.0.tgz",
      "integrity": "sha1-Aw7AjFlW+cp9F9QKVy1Tlv7BCSM="
    },
    "msgpack-stream": {
      "version": "https://registry.npmjs.org/msgpack-stream/-/msgpack-stream-0.0.12.tgz",
      "integrity": "sha1-KIl9Fs18CnkB7uFrm2A51C4vzJc=",
      "dependencies": {
        "through": {
          "version": "https://registry.npmjs.org/through/-/through-2.3.4.tgz",
          "integrity": "sha1-SV5A6Nio6uvHwnXqiMK4/BTFZFU="
        }
      }
    },
    "multilevel": {
      "version": "https://registry.npmjs.org/multilevel/-/multilevel-7.3.0.tgz",
      "integrity": "sha1-duxExYmy/l3UA4DIni1zSTWO1Pc="
    },
    "mux-demux": {
      "version": "https://registry.npmjs.org/mux-demux/-/mux-demux-3.7.9.tgz",
      "integrity": "sha1-NTZ3GP02AcgLzi63YlMVdtekrO8=",
      "dependencies": {
        "duplexer": {
          "version": "https://registry.npmjs.org/duplexer/-/duplexer-0.0.4.tgz",
          "integrity": "sha1-r8t/H4uNdPggcmFx1dZKyeSo/yA="
        },
        "stream-combiner": {
          "version": "https://registry.npmjs.org/stream-combiner/-/stream-combiner-0.0.2.tgz",
          "integrity": "sha1-3+DnRnV0JWXnbGBWeI6lwjvZfbQ="
        },
        "xtend": {
          "version": "https://registry.npmjs.org/xtend/-/xtend-1.0.3.tgz",
          "integrity": "sha1-P12Tc1PM7Y4IU5mlY/2yJUHClgo="
        }
      }
    },
    "mv": {
      "version": "2.1.1",
      "resolved": "https://registry.npmjs.org/mv/-/mv-2.1.1.tgz",
      "integrity": "sha1-rmzg1vbV4KT32JN5jQPB6pVZtqI=",
      "optional": true
    },
    "nan": {
      "version": "https://registry.npmjs.org/nan/-/nan-2.6.2.tgz",
      "integrity": "sha1-5P805slf37WuzAjeZZb0NgWn20U="
    },
    "ncp": {
      "version": "2.0.0",
      "resolved": "https://registry.npmjs.org/ncp/-/ncp-2.0.0.tgz",
      "integrity": "sha1-GVoh1sRuNh0vsSgbo4uR6d9727M=",
      "optional": true
    },
    "node-abi": {
      "version": "https://registry.npmjs.org/node-abi/-/node-abi-2.0.2.tgz",
      "integrity": "sha1-APPgpYEA60gBM7SMmaMswfnmyT4="
    },
    "noop-logger": {
      "version": "0.1.1",
      "resolved": "https://registry.npmjs.org/noop-logger/-/noop-logger-0.1.1.tgz",
      "integrity": "sha1-lKKxYzxPExdVMAfYlm/Q6EG2pMI="
    },
    "npmlog": {
      "version": "https://registry.npmjs.org/npmlog/-/npmlog-4.1.0.tgz",
      "integrity": "sha1-3Fm+6F9k8A7UJO+yrweD3yXRwLU="
    },
    "number-is-nan": {
      "version": "https://registry.npmjs.org/number-is-nan/-/number-is-nan-1.0.1.tgz",
      "integrity": "sha1-CXtgK1NCKlIsGvuHkDGDNpQaAR0="
    },
    "object-assign": {
      "version": "https://registry.npmjs.org/object-assign/-/object-assign-4.1.1.tgz",
      "integrity": "sha1-IQmtx5ZYh8/AXLvUQsrIv7s2CGM="
    },
    "once": {
      "version": "1.4.0",
      "resolved": "https://registry.npmjs.org/once/-/once-1.4.0.tgz",
      "integrity": "sha1-WDsap3WWHUsROsF9nFC6753Xa9E="
    },
    "os-homedir": {
      "version": "1.0.2",
      "resolved": "https://registry.npmjs.org/os-homedir/-/os-homedir-1.0.2.tgz",
      "integrity": "sha1-/7xJiDNuDoM94MFox+8VISGqf7M="
    },
    "path-is-absolute": {
      "version": "1.0.1",
      "resolved": "https://registry.npmjs.org/path-is-absolute/-/path-is-absolute-1.0.1.tgz",
      "integrity": "sha1-F0uSaHNVNP+8es5r9TpanhtcX18=",
      "optional": true
    },
    "process-nextick-args": {
      "version": "1.0.7",
      "resolved": "https://registry.npmjs.org/process-nextick-args/-/process-nextick-args-1.0.7.tgz",
      "integrity": "sha1-FQ4gt1ZZCtP5EJPyWk8q2L/zC6M="
    },
    "prr": {
      "version": "1.0.1",
      "resolved": "https://registry.npmjs.org/prr/-/prr-1.0.1.tgz",
      "integrity": "sha1-0/wRS6BplaRexok/SEzrHXj19HY="
    },
    "pseudomap": {
      "version": "https://registry.npmjs.org/pseudomap/-/pseudomap-1.0.2.tgz",
      "integrity": "sha1-8FKijacOYYkX7wqKw0wa5aaChrM=",
      "optional": true
    },
    "pull-cat": {
      "version": "1.1.11",
      "resolved": "https://registry.npmjs.org/pull-cat/-/pull-cat-1.1.11.tgz",
      "integrity": "sha1-tkLdElXaN2pwa220+pYvX9t0wxs="
    },
    "pull-level": {
      "version": "2.0.3",
      "resolved": "https://registry.npmjs.org/pull-level/-/pull-level-2.0.3.tgz",
      "integrity": "sha1-lQBjXiV5Rdb+7eGF9deiR3NFWxc="
    },
    "pull-live": {
      "version": "1.0.1",
      "resolved": "https://registry.npmjs.org/pull-live/-/pull-live-1.0.1.tgz",
      "integrity": "sha1-pOzuAeMwFV6RJLu89HYfIbOPUfU="
    },
    "pull-pushable": {
      "version": "2.1.1",
      "resolved": "https://registry.npmjs.org/pull-pushable/-/pull-pushable-2.1.1.tgz",
      "integrity": "sha1-hmZqu+P1QC8ffq0D7v1pt4Xspbg="
    },
    "pull-stream": {
      "version": "3.6.0",
      "resolved": "https://registry.npmjs.org/pull-stream/-/pull-stream-3.6.0.tgz",
      "integrity": "sha1-WdAzpoFdTjCX1Hw9KxiTqeWKI1E="
    },
    "pull-window": {
      "version": "2.1.4",
      "resolved": "https://registry.npmjs.org/pull-window/-/pull-window-2.1.4.tgz",
      "integrity": "sha1-/DuG/uvRkgx64pdpHiP3BfiFUvA="
    },
    "pump": {
      "version": "1.0.2",
      "resolved": "https://registry.npmjs.org/pump/-/pump-1.0.2.tgz",
      "integrity": "sha1-Oz7mUS+U8OV1U4wXmV+fFpkKXVE="
    },
    "rc": {
      "version": "1.2.1",
      "resolved": "https://registry.npmjs.org/rc/-/rc-1.2.1.tgz",
      "integrity": "sha1-LgPo5C7kULjLPc5lvhv4l04d/ZU="
    },
    "readable-stream": {
      "version": "1.1.14",
      "resolved": "https://registry.npmjs.org/readable-stream/-/readable-stream-1.1.14.tgz",
      "integrity": "sha1-fPTFTvZI44EwhMY23SB54WbAgdk="
    },
    "request-data": {
      "version": "https://registry.npmjs.org/request-data/-/request-data-1.2.0.tgz",
      "integrity": "sha1-2i9oB8iHmqFmSHWSbbw0kyVxbqc="
    },
    "retort": {
      "version": "1.0.1",
      "resolved": "https://registry.npmjs.org/retort/-/retort-1.0.1.tgz",
      "integrity": "sha1-S0a2Qq8Zp2b/U+9lPYJJIKL/6No="
    },
    "rimraf": {
      "version": "2.4.5",
      "resolved": "https://registry.npmjs.org/rimraf/-/rimraf-2.4.5.tgz",
      "integrity": "sha1-7nEM5dk6j9uFb7Xqj/Di11k0sto=",
      "optional": true
    },
    "rpc-stream": {
      "version": "https://registry.npmjs.org/rpc-stream/-/rpc-stream-2.1.2.tgz",
      "integrity": "sha1-wkpt7lKfOGKEuw1v0xK5scDYQps=",
      "dependencies": {
        "stream-serializer": {
          "version": "https://registry.npmjs.org/stream-serializer/-/stream-serializer-1.0.0.tgz",
          "integrity": "sha1-qiEvNDkg+Mxq/8ZcJAunAOtsSbk="
        }
      }
    },
    "safe-buffer": {
      "version": "5.0.1",
      "resolved": "https://registry.npmjs.org/safe-buffer/-/safe-buffer-5.0.1.tgz",
      "integrity": "sha1-0mPKVGls2KMGtcplUekt5XkY++c="
    },
    "safe-json-stringify": {
      "version": "1.0.4",
      "resolved": "https://registry.npmjs.org/safe-json-stringify/-/safe-json-stringify-1.0.4.tgz",
      "integrity": "sha1-gaCY9Efku8P/MxKiQ1IbwGDvWRE=",
      "optional": true
    },
    "sea-lion": {
      "version": "https://registry.npmjs.org/sea-lion/-/sea-lion-1.0.5.tgz",
      "integrity": "sha1-Y5KVD/alkGzSQNUJJ8QpA9NqlmI="
    },
    "semver": {
      "version": "5.3.0",
      "resolved": "https://registry.npmjs.org/semver/-/semver-5.3.0.tgz",
      "integrity": "sha1-myzl094C0XxgEq0yaqa00M9U+U8="
    },
    "set-blocking": {
      "version": "https://registry.npmjs.org/set-blocking/-/set-blocking-2.0.0.tgz",
      "integrity": "sha1-BF+XgtARrppoA93TgrJDkrPYkPc="
    },
    "signal-exit": {
      "version": "https://registry.npmjs.org/signal-exit/-/signal-exit-3.0.2.tgz",
      "integrity": "sha1-tf3AjxKH6hF4Yo5BXiUTK3NkbG0="
    },
    "simple-cors": {
      "version": "https://registry.npmjs.org/simple-cors/-/simple-cors-1.1.1.tgz",
      "integrity": "sha1-e4u/Psf3YxgAS3laflyJxwAyhHg="
    },
    "simple-get": {
      "version": "1.4.3",
      "resolved": "https://registry.npmjs.org/simple-get/-/simple-get-1.4.3.tgz",
      "integrity": "sha1-6XVe2kB+ltpAxeUVjJ6jezO+y+s=",
      "dependencies": {
        "xtend": {
          "version": "4.0.1",
          "resolved": "https://registry.npmjs.org/xtend/-/xtend-4.0.1.tgz",
          "integrity": "sha1-pcbVMr5lbiPbgg77lDofBJmNY68="
        }
      }
    },
    "stream-combiner": {
      "version": "https://registry.npmjs.org/stream-combiner/-/stream-combiner-0.2.2.tgz",
      "integrity": "sha1-rsjLrBd7Vrb0+kec7YwZEs7lKFg="
    },
    "stream-serializer": {
      "version": "https://registry.npmjs.org/stream-serializer/-/stream-serializer-1.1.2.tgz",
      "integrity": "sha1-wfl9FdolH1lK4n1B7IraCahG408="
    },
    "stream-to-pull-stream": {
      "version": "1.7.2",
      "resolved": "https://registry.npmjs.org/stream-to-pull-stream/-/stream-to-pull-stream-1.7.2.tgz",
      "integrity": "sha1-dXYJrhzr0zx0MtSvvjH/eGULnd4=",
      "dependencies": {
        "looper": {
          "version": "3.0.0",
          "resolved": "https://registry.npmjs.org/looper/-/looper-3.0.0.tgz",
          "integrity": "sha1-LvpUw7HLq6m5Su4uWRSwvlf7t0k="
        }
      }
    },
    "string_decoder": {
      "version": "0.10.31",
      "resolved": "https://registry.npmjs.org/string_decoder/-/string_decoder-0.10.31.tgz",
      "integrity": "sha1-YuIDvEF2bGwoyfyEMB2rHFMQ+pQ="
    },
    "string-width": {
      "version": "https://registry.npmjs.org/string-width/-/string-width-1.0.2.tgz",
      "integrity": "sha1-EYvfW4zcUaKn5w0hHgfisLmxB9M="
    },
    "strip-ansi": {
      "version": "https://registry.npmjs.org/strip-ansi/-/strip-ansi-3.0.1.tgz",
      "integrity": "sha1-ajhfuIU9lS1f8F0Oiq+UJ43GPc8="
    },
    "strip-json-comments": {
      "version": "2.0.1",
      "resolved": "https://registry.npmjs.org/strip-json-comments/-/strip-json-comments-2.0.1.tgz",
      "integrity": "sha1-PFMZQukIwml8DsNEhYwobHygpgo="
    },
    "tar-fs": {
      "version": "1.15.2",
      "resolved": "https://registry.npmjs.org/tar-fs/-/tar-fs-1.15.2.tgz",
      "integrity": "sha1-dh9bMpMsezlGGmDVN/rqDYCEgww="
    },
    "tar-stream": {
      "version": "1.5.4",
      "resolved": "https://registry.npmjs.org/tar-stream/-/tar-stream-1.5.4.tgz",
      "integrity": "sha1-NlSc8E7RrumyowwBQyUiONr5QBY=",
      "dependencies": {
        "isarray": {
          "version": "1.0.0",
          "resolved": "https://registry.npmjs.org/isarray/-/isarray-1.0.0.tgz",
          "integrity": "sha1-u5NdSFgsuhaMBoNJV6VKPgcSTxE="
        },
        "readable-stream": {
          "version": "2.2.9",
          "resolved": "https://registry.npmjs.org/readable-stream/-/readable-stream-2.2.9.tgz",
          "integrity": "sha1-z3jsb0ptHrQ9JkiMrJfwQudLf8g="
        },
        "string_decoder": {
          "version": "1.0.1",
          "resolved": "https://registry.npmjs.org/string_decoder/-/string_decoder-1.0.1.tgz",
          "integrity": "sha1-YuIA8DmVWmgQ2N8KM//A8BNmLZg="
        },
        "xtend": {
          "version": "4.0.1",
          "resolved": "https://registry.npmjs.org/xtend/-/xtend-4.0.1.tgz",
          "integrity": "sha1-pcbVMr5lbiPbgg77lDofBJmNY68="
        }
      }
    },
    "through": {
      "version": "https://registry.npmjs.org/through/-/through-2.3.8.tgz",
      "integrity": "sha1-DdTJ/6q8NXlgsbckEV1+Doai4fU="
    },
    "throughout": {
      "version": "https://registry.npmjs.org/throughout/-/throughout-0.0.0.tgz",
      "integrity": "sha1-2pNVJyMaeUTapg061HoyQprxqME=",
      "dependencies": {
        "duplexer": {
          "version": "https://registry.npmjs.org/duplexer/-/duplexer-0.0.4.tgz",
          "integrity": "sha1-r8t/H4uNdPggcmFx1dZKyeSo/yA="
        }
      }
    },
    "tmp-stream": {
      "version": "https://registry.npmjs.org/tmp-stream/-/tmp-stream-0.3.2.tgz",
      "integrity": "sha1-3hFf11PQ3MwojyarQOtuvu5dGyA="
    },
    "to-utf8": {
      "version": "https://registry.npmjs.org/to-utf8/-/to-utf8-0.0.1.tgz",
      "integrity": "sha1-0Xrqcv8vujm55DYBvns/9y4ImFI="
    },
    "unzip-response": {
      "version": "1.0.2",
      "resolved": "https://registry.npmjs.org/unzip-response/-/unzip-response-1.0.2.tgz",
      "integrity": "sha1-uYTwh3/AqJwsdzzB73tbIytbBv4="
    },
    "util-deprecate": {
      "version": "1.0.2",
      "resolved": "https://registry.npmjs.org/util-deprecate/-/util-deprecate-1.0.2.tgz",
      "integrity": "sha1-RQ1Nyfpw3nMnYvvS1KKJgUGaDM8="
    },
    "when": {
      "version": "3.4.6",
      "resolved": "https://registry.npmjs.org/when/-/when-3.4.6.tgz",
      "integrity": "sha1-j7y3zBQ50sOmjEMfFRbm3M6a0ow="
    },
    "wide-align": {
      "version": "https://registry.npmjs.org/wide-align/-/wide-align-1.1.2.tgz",
      "integrity": "sha1-Vx4PGwYEY268DfwhsDObvjE0FxA="
    },
    "wraperr": {
      "version": "1.0.1",
      "resolved": "https://registry.npmjs.org/wraperr/-/wraperr-1.0.1.tgz",
      "integrity": "sha1-DTh2hVatJEBBof5PUJuqlFVQ43Q="
    },
    "wrappy": {
      "version": "1.0.2",
      "resolved": "https://registry.npmjs.org/wrappy/-/wrappy-1.0.2.tgz",
      "integrity": "sha1-tSQ9jz7BqjXxNkYFvA0QNuMKtp8="
    },
    "xtend": {
      "version": "4.0.1",
      "resolved": "https://registry.npmjs.org/xtend/-/xtend-4.0.1.tgz",
      "integrity": "sha1-pcbVMr5lbiPbgg77lDofBJmNY68="
    },
    "yallist": {
      "version": "https://registry.npmjs.org/yallist/-/yallist-2.1.2.tgz",
      "integrity": "sha1-HBH5IY8HYImkfdUS+TxmmaaoHVI=",
      "optional": true
    }
  }
}
